// !$*UTF8*$!
{
	archiveVersion = 1;
	classes = {
	};
	objectVersion = 45;
	objects = {

/* Begin PBXBuildFile section */
		1DDD58160DA1D0A300B32029 /* MainMenu.xib in Resources */ = {isa = PBXBuildFile; fileRef = 1DDD58140DA1D0A300B32029 /* MainMenu.xib */; };
		256AC3DA0F4B6AC300CF3369 /* NounceAppDelegate.m in Sources */ = {isa = PBXBuildFile; fileRef = 256AC3D90F4B6AC300CF3369 /* NounceAppDelegate.m */; };
		61433085131373C5000437CD /* WebKit.framework in Frameworks */ = {isa = PBXBuildFile; fileRef = 61433084131373C5000437CD /* WebKit.framework */; };
		6143309C13137483000437CD /* NotificationPane.html in Resources */ = {isa = PBXBuildFile; fileRef = 6143309B13137483000437CD /* NotificationPane.html */; };
		614330C2131375DB000437CD /* NotificationPane.css in Resources */ = {isa = PBXBuildFile; fileRef = 614330C1131375DB000437CD /* NotificationPane.css */; };
		6143320413148008000437CD /* NotificationPane.js in Resources */ = {isa = PBXBuildFile; fileRef = 614331E513147F5D000437CD /* NotificationPane.js */; };
		6143320513148008000437CD /* jquery-1.4.2.min.js in Resources */ = {isa = PBXBuildFile; fileRef = 614331E613147F5D000437CD /* jquery-1.4.2.min.js */; };
		6143345D1317843B000437CD /* NotificationStatus.html in Resources */ = {isa = PBXBuildFile; fileRef = 6143345C1317843A000437CD /* NotificationStatus.html */; };
		6143349313178812000437CD /* NotificationStatus.css in Resources */ = {isa = PBXBuildFile; fileRef = 6143349213178812000437CD /* NotificationStatus.css */; };
		6143352F131792AF000437CD /* NotificationStatus.js in Resources */ = {isa = PBXBuildFile; fileRef = 6143352D13179293000437CD /* NotificationStatus.js */; };
		61E01C75130866BE0075442B /* Nounce.framework in Frameworks */ = {isa = PBXBuildFile; fileRef = 61E01C74130866BE0075442B /* Nounce.framework */; };
		61E01C80130866DB0075442B /* Nounce.framework in CopyFiles */ = {isa = PBXBuildFile; fileRef = 61E01C74130866BE0075442B /* Nounce.framework */; };
		61E01D4B13088AB10075442B /* TransparentWindow.m in Sources */ = {isa = PBXBuildFile; fileRef = 61E01D4813088AB10075442B /* TransparentWindow.m */; };
		61E01FA3130A00E60075442B /* NCNotificationCenter.m in Sources */ = {isa = PBXBuildFile; fileRef = 61E01FA2130A00E60075442B /* NCNotificationCenter.m */; };
		8D11072B0486CEB800E47090 /* InfoPlist.strings in Resources */ = {isa = PBXBuildFile; fileRef = 089C165CFE840E0CC02AAC07 /* InfoPlist.strings */; };
		8D11072D0486CEB800E47090 /* main.m in Sources */ = {isa = PBXBuildFile; fileRef = 29B97316FDCFA39411CA2CEA /* main.m */; settings = {ATTRIBUTES = (); }; };
		8D11072F0486CEB800E47090 /* Cocoa.framework in Frameworks */ = {isa = PBXBuildFile; fileRef = 1058C7A1FEA54F0111CA2CBB /* Cocoa.framework */; };
/* End PBXBuildFile section */

/* Begin PBXCopyFilesBuildPhase section */
		61E01C8F130866EA0075442B /* CopyFiles */ = {
			isa = PBXCopyFilesBuildPhase;
			buildActionMask = 2147483647;
			dstPath = "";
			dstSubfolderSpec = 10;
			files = (
				61E01C80130866DB0075442B /* Nounce.framework in CopyFiles */,
			);
			runOnlyForDeploymentPostprocessing = 0;
		};
/* End PBXCopyFilesBuildPhase section */

/* Begin PBXFileReference section */
		089C165DFE840E0CC02AAC07 /* English */ = {isa = PBXFileReference; fileEncoding = 4; lastKnownFileType = text.plist.strings; name = English; path = English.lproj/InfoPlist.strings; sourceTree = "<group>"; };
		1058C7A1FEA54F0111CA2CBB /* Cocoa.framework */ = {isa = PBXFileReference; lastKnownFileType = wrapper.framework; name = Cocoa.framework; path = /System/Library/Frameworks/Cocoa.framework; sourceTree = "<absolute>"; };
		13E42FB307B3F0F600E4EEF1 /* CoreData.framework */ = {isa = PBXFileReference; lastKnownFileType = wrapper.framework; name = CoreData.framework; path = /System/Library/Frameworks/CoreData.framework; sourceTree = "<absolute>"; };
		1DDD58150DA1D0A300B32029 /* English */ = {isa = PBXFileReference; lastKnownFileType = file.xib; name = English; path = English.lproj/MainMenu.xib; sourceTree = "<group>"; };
		256AC3D80F4B6AC300CF3369 /* NounceAppDelegate.h */ = {isa = PBXFileReference; fileEncoding = 4; lastKnownFileType = sourcecode.c.h; path = NounceAppDelegate.h; sourceTree = "<group>"; };
		256AC3D90F4B6AC300CF3369 /* NounceAppDelegate.m */ = {isa = PBXFileReference; fileEncoding = 4; lastKnownFileType = sourcecode.c.objc; path = NounceAppDelegate.m; sourceTree = "<group>"; };
		256AC3F00F4B6AF500CF3369 /* Nounce_Prefix.pch */ = {isa = PBXFileReference; fileEncoding = 4; lastKnownFileType = sourcecode.c.h; path = Nounce_Prefix.pch; sourceTree = "<group>"; };
		29B97316FDCFA39411CA2CEA /* main.m */ = {isa = PBXFileReference; fileEncoding = 4; lastKnownFileType = sourcecode.c.objc; path = main.m; sourceTree = "<group>"; };
		29B97324FDCFA39411CA2CEA /* AppKit.framework */ = {isa = PBXFileReference; lastKnownFileType = wrapper.framework; name = AppKit.framework; path = /System/Library/Frameworks/AppKit.framework; sourceTree = "<absolute>"; };
		29B97325FDCFA39411CA2CEA /* Foundation.framework */ = {isa = PBXFileReference; lastKnownFileType = wrapper.framework; name = Foundation.framework; path = /System/Library/Frameworks/Foundation.framework; sourceTree = "<absolute>"; };
		61433084131373C5000437CD /* WebKit.framework */ = {isa = PBXFileReference; lastKnownFileType = wrapper.framework; name = WebKit.framework; path = System/Library/Frameworks/WebKit.framework; sourceTree = SDKROOT; };
		6143309B13137483000437CD /* NotificationPane.html */ = {isa = PBXFileReference; fileEncoding = 4; lastKnownFileType = text.html; name = NotificationPane.html; path = HTML/NotificationPane.html; sourceTree = "<group>"; };
		614330C1131375DB000437CD /* NotificationPane.css */ = {isa = PBXFileReference; fileEncoding = 4; lastKnownFileType = text.css; name = NotificationPane.css; path = HTML/NotificationPane.css; sourceTree = "<group>"; };
		614331E513147F5D000437CD /* NotificationPane.js */ = {isa = PBXFileReference; fileEncoding = 4; lastKnownFileType = sourcecode.javascript; name = NotificationPane.js; path = HTML/NotificationPane.js; sourceTree = "<group>"; };
		614331E613147F5D000437CD /* jquery-1.4.2.min.js */ = {isa = PBXFileReference; fileEncoding = 4; lastKnownFileType = sourcecode.javascript; name = "jquery-1.4.2.min.js"; path = "HTML/jquery-1.4.2.min.js"; sourceTree = "<group>"; };
		6143345C1317843A000437CD /* NotificationStatus.html */ = {isa = PBXFileReference; fileEncoding = 4; lastKnownFileType = text.html; name = NotificationStatus.html; path = HTML/NotificationStatus.html; sourceTree = "<group>"; };
		6143349213178812000437CD /* NotificationStatus.css */ = {isa = PBXFileReference; fileEncoding = 4; lastKnownFileType = text.css; name = NotificationStatus.css; path = HTML/NotificationStatus.css; sourceTree = "<group>"; };
		6143352D13179293000437CD /* NotificationStatus.js */ = {isa = PBXFileReference; fileEncoding = 4; lastKnownFileType = sourcecode.javascript; name = NotificationStatus.js; path = HTML/NotificationStatus.js; sourceTree = "<group>"; };
		61E01C74130866BE0075442B /* Nounce.framework */ = {isa = PBXFileReference; lastKnownFileType = wrapper.framework; name = Nounce.framework; path = ../Framework/build/Debug/Nounce.framework; sourceTree = SOURCE_ROOT; };
		61E01D4813088AB10075442B /* TransparentWindow.m */ = {isa = PBXFileReference; fileEncoding = 4; lastKnownFileType = sourcecode.c.objc; path = TransparentWindow.m; sourceTree = "<group>"; };
		61E01D4913088AB10075442B /* TransparentWindow.h */ = {isa = PBXFileReference; fileEncoding = 4; lastKnownFileType = sourcecode.c.h; path = TransparentWindow.h; sourceTree = "<group>"; };
		61E01FA1130A00E60075442B /* NCNotificationCenter.h */ = {isa = PBXFileReference; fileEncoding = 4; lastKnownFileType = sourcecode.c.h; path = NCNotificationCenter.h; sourceTree = "<group>"; };
		61E01FA2130A00E60075442B /* NCNotificationCenter.m */ = {isa = PBXFileReference; fileEncoding = 4; lastKnownFileType = sourcecode.c.objc; path = NCNotificationCenter.m; sourceTree = "<group>"; };
		8D1107310486CEB800E47090 /* Nounce-Info.plist */ = {isa = PBXFileReference; fileEncoding = 4; lastKnownFileType = text.plist.xml; path = "Nounce-Info.plist"; sourceTree = "<group>"; };
		8D1107320486CEB800E47090 /* Nounce.app */ = {isa = PBXFileReference; explicitFileType = wrapper.application; includeInIndex = 0; path = Nounce.app; sourceTree = BUILT_PRODUCTS_DIR; };
/* End PBXFileReference section */

/* Begin PBXFrameworksBuildPhase section */
		8D11072E0486CEB800E47090 /* Frameworks */ = {
			isa = PBXFrameworksBuildPhase;
			buildActionMask = 2147483647;
			files = (
				61E01C75130866BE0075442B /* Nounce.framework in Frameworks */,
				8D11072F0486CEB800E47090 /* Cocoa.framework in Frameworks */,
				61433085131373C5000437CD /* WebKit.framework in Frameworks */,
			);
			runOnlyForDeploymentPostprocessing = 0;
		};
/* End PBXFrameworksBuildPhase section */

/* Begin PBXGroup section */
		080E96DDFE201D6D7F000001 /* Classes */ = {
			isa = PBXGroup;
			children = (
				256AC3D80F4B6AC300CF3369 /* NounceAppDelegate.h */,
				256AC3D90F4B6AC300CF3369 /* NounceAppDelegate.m */,
				61E01FA1130A00E60075442B /* NCNotificationCenter.h */,
				61E01FA2130A00E60075442B /* NCNotificationCenter.m */,
			);
			name = Classes;
			sourceTree = "<group>";
		};
		1058C7A0FEA54F0111CA2CBB /* Linked Frameworks */ = {
			isa = PBXGroup;
			children = (
				1058C7A1FEA54F0111CA2CBB /* Cocoa.framework */,
			);
			name = "Linked Frameworks";
			sourceTree = "<group>";
		};
		1058C7A2FEA54F0111CA2CBB /* Other Frameworks */ = {
			isa = PBXGroup;
			children = (
				61E01C74130866BE0075442B /* Nounce.framework */,
				29B97324FDCFA39411CA2CEA /* AppKit.framework */,
				13E42FB307B3F0F600E4EEF1 /* CoreData.framework */,
				29B97325FDCFA39411CA2CEA /* Foundation.framework */,
				61433084131373C5000437CD /* WebKit.framework */,
			);
			name = "Other Frameworks";
			sourceTree = "<group>";
		};
		19C28FACFE9D520D11CA2CBB /* Products */ = {
			isa = PBXGroup;
			children = (
				8D1107320486CEB800E47090 /* Nounce.app */,
			);
			name = Products;
			sourceTree = "<group>";
		};
		29B97314FDCFA39411CA2CEA /* Nounce */ = {
			isa = PBXGroup;
			children = (
				614330971313745E000437CD /* HTML */,
				61E01D4513088A9C0075442B /* Custom Views */,
				080E96DDFE201D6D7F000001 /* Classes */,
				29B97315FDCFA39411CA2CEA /* Other Sources */,
				29B97317FDCFA39411CA2CEA /* Resources */,
				29B97323FDCFA39411CA2CEA /* Frameworks */,
				19C28FACFE9D520D11CA2CBB /* Products */,
			);
			name = Nounce;
			sourceTree = "<group>";
		};
		29B97315FDCFA39411CA2CEA /* Other Sources */ = {
			isa = PBXGroup;
			children = (
				256AC3F00F4B6AF500CF3369 /* Nounce_Prefix.pch */,
				29B97316FDCFA39411CA2CEA /* main.m */,
			);
			name = "Other Sources";
			sourceTree = "<group>";
		};
		29B97317FDCFA39411CA2CEA /* Resources */ = {
			isa = PBXGroup;
			children = (
				8D1107310486CEB800E47090 /* Nounce-Info.plist */,
				089C165CFE840E0CC02AAC07 /* InfoPlist.strings */,
				1DDD58140DA1D0A300B32029 /* MainMenu.xib */,
			);
			name = Resources;
			sourceTree = "<group>";
		};
		29B97323FDCFA39411CA2CEA /* Frameworks */ = {
			isa = PBXGroup;
			children = (
				1058C7A0FEA54F0111CA2CBB /* Linked Frameworks */,
				1058C7A2FEA54F0111CA2CBB /* Other Frameworks */,
			);
			name = Frameworks;
			sourceTree = "<group>";
		};
		614330971313745E000437CD /* HTML */ = {
			isa = PBXGroup;
			children = (
				6143309B13137483000437CD /* NotificationPane.html */,
				614330C1131375DB000437CD /* NotificationPane.css */,
				614331E513147F5D000437CD /* NotificationPane.js */,
				6143345C1317843A000437CD /* NotificationStatus.html */,
				6143349213178812000437CD /* NotificationStatus.css */,
				6143352D13179293000437CD /* NotificationStatus.js */,
				614331E613147F5D000437CD /* jquery-1.4.2.min.js */,
			);
			name = HTML;
			sourceTree = "<group>";
		};
		61E01D4513088A9C0075442B /* Custom Views */ = {
			isa = PBXGroup;
			children = (
				61E01D4813088AB10075442B /* TransparentWindow.m */,
				61E01D4913088AB10075442B /* TransparentWindow.h */,
			);
			name = "Custom Views";
			sourceTree = "<group>";
		};
/* End PBXGroup section */

/* Begin PBXNativeTarget section */
		8D1107260486CEB800E47090 /* Nounce */ = {
			isa = PBXNativeTarget;
			buildConfigurationList = C01FCF4A08A954540054247B /* Build configuration list for PBXNativeTarget "Nounce" */;
			buildPhases = (
				8D1107290486CEB800E47090 /* Resources */,
				8D11072C0486CEB800E47090 /* Sources */,
				8D11072E0486CEB800E47090 /* Frameworks */,
				61E01C8F130866EA0075442B /* CopyFiles */,
			);
			buildRules = (
			);
			dependencies = (
			);
			name = Nounce;
			productInstallPath = "$(HOME)/Applications";
			productName = Nounce;
			productReference = 8D1107320486CEB800E47090 /* Nounce.app */;
			productType = "com.apple.product-type.application";
		};
/* End PBXNativeTarget section */

/* Begin PBXProject section */
		29B97313FDCFA39411CA2CEA /* Project object */ = {
			isa = PBXProject;
			buildConfigurationList = C01FCF4E08A954540054247B /* Build configuration list for PBXProject "Nounce" */;
			compatibilityVersion = "Xcode 3.1";
			developmentRegion = English;
			hasScannedForEncodings = 1;
			knownRegions = (
				English,
				Japanese,
				French,
				German,
			);
			mainGroup = 29B97314FDCFA39411CA2CEA /* Nounce */;
			projectDirPath = "";
			projectRoot = "";
			targets = (
				8D1107260486CEB800E47090 /* Nounce */,
			);
		};
/* End PBXProject section */

/* Begin PBXResourcesBuildPhase section */
		8D1107290486CEB800E47090 /* Resources */ = {
			isa = PBXResourcesBuildPhase;
			buildActionMask = 2147483647;
			files = (
				8D11072B0486CEB800E47090 /* InfoPlist.strings in Resources */,
				1DDD58160DA1D0A300B32029 /* MainMenu.xib in Resources */,
				6143309C13137483000437CD /* NotificationPane.html in Resources */,
				614330C2131375DB000437CD /* NotificationPane.css in Resources */,
				6143320413148008000437CD /* NotificationPane.js in Resources */,
				6143345D1317843B000437CD /* NotificationStatus.html in Resources */,
				6143349313178812000437CD /* NotificationStatus.css in Resources */,
				6143352F131792AF000437CD /* NotificationStatus.js in Resources */,
				6143320513148008000437CD /* jquery-1.4.2.min.js in Resources */,
			);
			runOnlyForDeploymentPostprocessing = 0;
		};
/* End PBXResourcesBuildPhase section */

/* Begin PBXSourcesBuildPhase section */
		8D11072C0486CEB800E47090 /* Sources */ = {
			isa = PBXSourcesBuildPhase;
			buildActionMask = 2147483647;
			files = (
				8D11072D0486CEB800E47090 /* main.m in Sources */,
				256AC3DA0F4B6AC300CF3369 /* NounceAppDelegate.m in Sources */,
				61E01D4B13088AB10075442B /* TransparentWindow.m in Sources */,
				61E01FA3130A00E60075442B /* NCNotificationCenter.m in Sources */,
			);
			runOnlyForDeploymentPostprocessing = 0;
		};
/* End PBXSourcesBuildPhase section */

/* Begin PBXVariantGroup section */
		089C165CFE840E0CC02AAC07 /* InfoPlist.strings */ = {
			isa = PBXVariantGroup;
			children = (
				089C165DFE840E0CC02AAC07 /* English */,
			);
			name = InfoPlist.strings;
			sourceTree = "<group>";
		};
		1DDD58140DA1D0A300B32029 /* MainMenu.xib */ = {
			isa = PBXVariantGroup;
			children = (
				1DDD58150DA1D0A300B32029 /* English */,
			);
			name = MainMenu.xib;
			sourceTree = "<group>";
		};
/* End PBXVariantGroup section */

/* Begin XCBuildConfiguration section */
		C01FCF4B08A954540054247B /* Debug */ = {
			isa = XCBuildConfiguration;
			buildSettings = {
				ALWAYS_SEARCH_USER_PATHS = NO;
				COPY_PHASE_STRIP = NO;
				FRAMEWORK_SEARCH_PATHS = (
					"$(inherited)",
					"\"$(SRCROOT)/../Framework/build/Debug\"",
				);
				GCC_DYNAMIC_NO_PIC = NO;
				GCC_ENABLE_FIX_AND_CONTINUE = YES;
				GCC_ENABLE_OBJC_GC = supported;
				GCC_MODEL_TUNING = G5;
				GCC_OPTIMIZATION_LEVEL = 0;
				GCC_PRECOMPILE_PREFIX_HEADER = YES;
				GCC_PREFIX_HEADER = Nounce_Prefix.pch;
				INFOPLIST_FILE = "Nounce-Info.plist";
				INSTALL_PATH = "$(HOME)/Applications";
				PRODUCT_NAME = Nounce;
			};
			name = Debug;
		};
		C01FCF4C08A954540054247B /* Release */ = {
			isa = XCBuildConfiguration;
			buildSettings = {
				ALWAYS_SEARCH_USER_PATHS = NO;
				DEBUG_INFORMATION_FORMAT = "dwarf-with-dsym";
				FRAMEWORK_SEARCH_PATHS = (
					"$(inherited)",
					"\"$(SRCROOT)/../Framework/build/Debug\"",
				);
				GCC_ENABLE_OBJC_GC = supported;
				GCC_MODEL_TUNING = G5;
				GCC_PRECOMPILE_PREFIX_HEADER = YES;
				GCC_PREFIX_HEADER = Nounce_Prefix.pch;
				INFOPLIST_FILE = "Nounce-Info.plist";
				INSTALL_PATH = "$(HOME)/Applications";
				PRODUCT_NAME = Nounce;
			};
			name = Release;
		};
		C01FCF4F08A954540054247B /* Debug */ = {
			isa = XCBuildConfiguration;
			buildSettings = {
				ARCHS = "$(ARCHS_STANDARD_32_64_BIT)";
				GCC_C_LANGUAGE_STANDARD = gnu99;
				GCC_ENABLE_OBJC_GC = supported;
				GCC_OPTIMIZATION_LEVEL = 0;
				GCC_WARN_ABOUT_RETURN_TYPE = YES;
				GCC_WARN_UNUSED_VARIABLE = YES;
				ONLY_ACTIVE_ARCH = YES;
				PREBINDING = NO;
				SDKROOT = macosx10.6;
			};
			name = Debug;
		};
		C01FCF5008A954540054247B /* Release */ = {
			isa = XCBuildConfiguration;
			buildSettings = {
				ARCHS = "$(ARCHS_STANDARD_32_64_BIT)";
				GCC_C_LANGUAGE_STANDARD = gnu99;
				GCC_WARN_ABOUT_RETURN_TYPE = YES;
				GCC_WARN_UNUSED_VARIABLE = YES;
				PREBINDING = NO;
				SDKROOT = macosx10.6;
			};
			name = Release;
		};
/* End XCBuildConfiguration section */

/* Begin XCConfigurationList section */
		C01FCF4A08A954540054247B /* Build configuration list for PBXNativeTarget "Nounce" */ = {
			isa = XCConfigurationList;
			buildConfigurations = (
				C01FCF4B08A954540054247B /* Debug */,
				C01FCF4C08A954540054247B /* Release */,
			);
			defaultConfigurationIsVisible = 0;
			defaultConfigurationName = Release;
		};
		C01FCF4E08A954540054247B /* Build configuration list for PBXProject "Nounce" */ = {
			isa = XCConfigurationList;
			buildConfigurations = (
				C01FCF4F08A954540054247B /* Debug */,
				C01FCF5008A954540054247B /* Release */,
			);
			defaultConfigurationIsVisible = 0;
			defaultConfigurationName = Release;
		};
/* End XCConfigurationList section */
	};
	rootObject = 29B97313FDCFA39411CA2CEA /* Project object */;
}
